{
  "requires": true,
  "lockfileVersion": 1,
  "dependencies": {
    "react-service-worker": {
      "version": "0.1.1",
      "resolved": "https://registry.npmjs.org/react-service-worker/-/react-service-worker-0.1.1.tgz",
      "integrity": "sha512-NNv1QfF7lpH6ir/J3TrRTcLqP/veE+qRnCyvnZujo2lVCSpszYZRigceNhic+x9FwsBGsvkGrgZiXiq4C+VbxA=="
    }
  }
}
